
Microsoft Visual Studio Solution File, Format Version 12.00
# Visual Studio Version 16
Project("{2150E333-8FDC-42A3-9474-1A3956D46DE8}") = "CMakePredefinedTargets", "CMakePredefinedTargets", "{D47218F6-703E-3A8D-B559-7E1EF443C61C}"
EndProject
Project("{2150E333-8FDC-42A3-9474-1A3956D46DE8}") = "GLFW3", "GLFW3", "{ADDC7D8C-89DC-38D1-86D9-480936945710}"
EndProject
Project("{2150E333-8FDC-42A3-9474-1A3956D46DE8}") = "Examples", "GLFW3\Examples", "{65E90525-4275-36A4-AA1F-DB84C6911F6F}"
EndProject
Project("{2150E333-8FDC-42A3-9474-1A3956D46DE8}") = "Tests", "GLFW3\Tests", "{FD10FD2B-6EA9-3643-890C-298AD48B5D94}"
EndProject
Project("{8BC9CEB8-8B4A-11D0-8D11-00A0C91BC942}") = "ALL_BUILD", "ALL_BUILD.vcxproj", "{11170DA9-9DCA-3DD4-88CC-124711839345}"
	ProjectSection(ProjectDependencies) = postProject
		{DD9AEAE2-BEF9-36FF-856F-9583BDAAD385} = {DD9AEAE2-BEF9-36FF-856F-9583BDAAD385}
		{84FF8BDB-7E46-3A4A-839B-C86B12B4B5A9} = {84FF8BDB-7E46-3A4A-839B-C86B12B4B5A9}
		{6B6D00E2-26F6-3D4C-A7F5-FFD5AC6B2D1D} = {6B6D00E2-26F6-3D4C-A7F5-FFD5AC6B2D1D}
		{D97CA686-DD34-30DD-BF9F-3E5B1B7838CC} = {D97CA686-DD34-30DD-BF9F-3E5B1B7838CC}
		{43D4D1E5-9E59-3258-8B12-301BEF5693CE} = {43D4D1E5-9E59-3258-8B12-301BEF5693CE}
		{87D4609E-F1FC-33E3-A571-E651AF60C76D} = {87D4609E-F1FC-33E3-A571-E651AF60C76D}
		{AAB6CF51-5309-3E48-947E-D8E80C8F596E} = {AAB6CF51-5309-3E48-947E-D8E80C8F596E}
		{B44B4965-0413-36A6-A359-3E65187F80F9} = {B44B4965-0413-36A6-A359-3E65187F80F9}
		{7D387C50-60B6-3273-9F9C-5AB0F8AEA283} = {7D387C50-60B6-3273-9F9C-5AB0F8AEA283}
		{0760801C-5C55-3C14-A1C9-AD089D2423D6} = {0760801C-5C55-3C14-A1C9-AD089D2423D6}
		{8428631E-CCC9-3DAB-8D92-023D6FDF24AD} = {8428631E-CCC9-3DAB-8D92-023D6FDF24AD}
		{F3754B5A-CBD6-3B2A-9446-CD533617BC57} = {F3754B5A-CBD6-3B2A-9446-CD533617BC57}
		{571260AC-F650-39F8-9F82-9FE862C0BC84} = {571260AC-F650-39F8-9F82-9FE862C0BC84}
		{0D89F550-C378-36B7-B01A-734D576A7A78} = {0D89F550-C378-36B7-B01A-734D576A7A78}
		{6CAD0C69-EE32-382F-9C5D-5678BADF9FE5} = {6CAD0C69-EE32-382F-9C5D-5678BADF9FE5}
		{3E3E4A91-5339-3891-8388-BB9EA08F439A} = {3E3E4A91-5339-3891-8388-BB9EA08F439A}
		{EEA9E73A-50A0-3365-ADCD-1CCDAC52801C} = {EEA9E73A-50A0-3365-ADCD-1CCDAC52801C}
		{A4601E6D-3239-328C-B5D2-03306F7F77FE} = {A4601E6D-3239-328C-B5D2-03306F7F77FE}
		{692D3408-6D55-3D17-8EE5-79E56F6BF5EF} = {692D3408-6D55-3D17-8EE5-79E56F6BF5EF}
		{5ECEA503-C124-3858-9F11-6119F7DB37AF} = {5ECEA503-C124-3858-9F11-6119F7DB37AF}
		{DD90D13D-B037-3BD5-844B-25103B8E62FB} = {DD90D13D-B037-3BD5-844B-25103B8E62FB}
		{9E470B77-4E4F-332F-8DDA-A054FD6CF479} = {9E470B77-4E4F-332F-8DDA-A054FD6CF479}
		{06027A88-CD55-3CE3-B3FA-A33934F8A9FB} = {06027A88-CD55-3CE3-B3FA-A33934F8A9FB}
		{0556E1DE-BF84-3B3F-A96A-7F0772E71C32} = {0556E1DE-BF84-3B3F-A96A-7F0772E71C32}
		{64B5935D-4797-31C0-885D-DCD1C47924FA} = {64B5935D-4797-31C0-885D-DCD1C47924FA}
		{3767CF03-686A-3D11-AB43-B8301306C4B3} = {3767CF03-686A-3D11-AB43-B8301306C4B3}
		{C9F707BD-9B5C-34F1-8773-CBEFCE270C2E} = {C9F707BD-9B5C-34F1-8773-CBEFCE270C2E}
		{34A6D41C-DDB2-36B2-BC68-BB16E76CDD02} = {34A6D41C-DDB2-36B2-BC68-BB16E76CDD02}
		{11E9B89D-21A2-36F9-AEDE-E7A05DDF6D41} = {11E9B89D-21A2-36F9-AEDE-E7A05DDF6D41}
		{FAF3C336-038D-36CE-9618-C892301FFAB4} = {FAF3C336-038D-36CE-9618-C892301FFAB4}
		{D3F917AE-1A16-30FA-AECD-4CE8A686B62C} = {D3F917AE-1A16-30FA-AECD-4CE8A686B62C}
	EndProjectSection
EndProject
Project("{8BC9CEB8-8B4A-11D0-8D11-00A0C91BC942}") = "INSTALL", "INSTALL.vcxproj", "{4DA412CA-8D0B-3C5B-9E6B-BBC578F64D5B}"
	ProjectSection(ProjectDependencies) = postProject
		{11170DA9-9DCA-3DD4-88CC-124711839345} = {11170DA9-9DCA-3DD4-88CC-124711839345}
		{DD9AEAE2-BEF9-36FF-856F-9583BDAAD385} = {DD9AEAE2-BEF9-36FF-856F-9583BDAAD385}
	EndProjectSection
EndProject
Project("{8BC9CEB8-8B4A-11D0-8D11-00A0C91BC942}") = "ZERO_CHECK", "ZERO_CHECK.vcxproj", "{DD9AEAE2-BEF9-36FF-856F-9583BDAAD385}"
	ProjectSection(ProjectDependencies) = postProject
	EndProjectSection
EndProject
Project("{8BC9CEB8-8B4A-11D0-8D11-00A0C91BC942}") = "boing", "examples\boing.vcxproj", "{84FF8BDB-7E46-3A4A-839B-C86B12B4B5A9}"
	ProjectSection(ProjectDependencies) = postProject
		{DD9AEAE2-BEF9-36FF-856F-9583BDAAD385} = {DD9AEAE2-BEF9-36FF-856F-9583BDAAD385}
		{7D387C50-60B6-3273-9F9C-5AB0F8AEA283} = {7D387C50-60B6-3273-9F9C-5AB0F8AEA283}
	EndProjectSection
EndProject
Project("{8BC9CEB8-8B4A-11D0-8D11-00A0C91BC942}") = "clipboard", "tests\clipboard.vcxproj", "{6B6D00E2-26F6-3D4C-A7F5-FFD5AC6B2D1D}"
	ProjectSection(ProjectDependencies) = postProject
		{DD9AEAE2-BEF9-36FF-856F-9583BDAAD385} = {DD9AEAE2-BEF9-36FF-856F-9583BDAAD385}
		{7D387C50-60B6-3273-9F9C-5AB0F8AEA283} = {7D387C50-60B6-3273-9F9C-5AB0F8AEA283}
	EndProjectSection
EndProject
Project("{8BC9CEB8-8B4A-11D0-8D11-00A0C91BC942}") = "cursor", "tests\cursor.vcxproj", "{D97CA686-DD34-30DD-BF9F-3E5B1B7838CC}"
	ProjectSection(ProjectDependencies) = postProject
		{DD9AEAE2-BEF9-36FF-856F-9583BDAAD385} = {DD9AEAE2-BEF9-36FF-856F-9583BDAAD385}
		{7D387C50-60B6-3273-9F9C-5AB0F8AEA283} = {7D387C50-60B6-3273-9F9C-5AB0F8AEA283}
	EndProjectSection
EndProject
Project("{8BC9CEB8-8B4A-11D0-8D11-00A0C91BC942}") = "empty", "tests\empty.vcxproj", "{43D4D1E5-9E59-3258-8B12-301BEF5693CE}"
	ProjectSection(ProjectDependencies) = postProject
		{DD9AEAE2-BEF9-36FF-856F-9583BDAAD385} = {DD9AEAE2-BEF9-36FF-856F-9583BDAAD385}
		{7D387C50-60B6-3273-9F9C-5AB0F8AEA283} = {7D387C50-60B6-3273-9F9C-5AB0F8AEA283}
	EndProjectSection
EndProject
Project("{8BC9CEB8-8B4A-11D0-8D11-00A0C91BC942}") = "events", "tests\events.vcxproj", "{87D4609E-F1FC-33E3-A571-E651AF60C76D}"
	ProjectSection(ProjectDependencies) = postProject
		{DD9AEAE2-BEF9-36FF-856F-9583BDAAD385} = {DD9AEAE2-BEF9-36FF-856F-9583BDAAD385}
		{7D387C50-60B6-3273-9F9C-5AB0F8AEA283} = {7D387C50-60B6-3273-9F9C-5AB0F8AEA283}
	EndProjectSection
EndProject
Project("{8BC9CEB8-8B4A-11D0-8D11-00A0C91BC942}") = "gamma", "tests\gamma.vcxproj", "{AAB6CF51-5309-3E48-947E-D8E80C8F596E}"
	ProjectSection(ProjectDependencies) = postProject
		{DD9AEAE2-BEF9-36FF-856F-9583BDAAD385} = {DD9AEAE2-BEF9-36FF-856F-9583BDAAD385}
		{7D387C50-60B6-3273-9F9C-5AB0F8AEA283} = {7D387C50-60B6-3273-9F9C-5AB0F8AEA283}
	EndProjectSection
EndProject
Project("{8BC9CEB8-8B4A-11D0-8D11-00A0C91BC942}") = "gears", "examples\gears.vcxproj", "{B44B4965-0413-36A6-A359-3E65187F80F9}"
	ProjectSection(ProjectDependencies) = postProject
		{DD9AEAE2-BEF9-36FF-856F-9583BDAAD385} = {DD9AEAE2-BEF9-36FF-856F-9583BDAAD385}
		{7D387C50-60B6-3273-9F9C-5AB0F8AEA283} = {7D387C50-60B6-3273-9F9C-5AB0F8AEA283}
	EndProjectSection
EndProject
Project("{8BC9CEB8-8B4A-11D0-8D11-00A0C91BC942}") = "glfw", "src\glfw.vcxproj", "{7D387C50-60B6-3273-9F9C-5AB0F8AEA283}"
	ProjectSection(ProjectDependencies) = postProject
		{DD9AEAE2-BEF9-36FF-856F-9583BDAAD385} = {DD9AEAE2-BEF9-36FF-856F-9583BDAAD385}
	EndProjectSection
EndProject
Project("{8BC9CEB8-8B4A-11D0-8D11-00A0C91BC942}") = "glfwinfo", "tests\glfwinfo.vcxproj", "{0760801C-5C55-3C14-A1C9-AD089D2423D6}"
	ProjectSection(ProjectDependencies) = postProject
		{DD9AEAE2-BEF9-36FF-856F-9583BDAAD385} = {DD9AEAE2-BEF9-36FF-856F-9583BDAAD385}
		{7D387C50-60B6-3273-9F9C-5AB0F8AEA283} = {7D387C50-60B6-3273-9F9C-5AB0F8AEA283}
	EndProjectSection
EndProject
Project("{8BC9CEB8-8B4A-11D0-8D11-00A0C91BC942}") = "heightmap", "examples\heightmap.vcxproj", "{8428631E-CCC9-3DAB-8D92-023D6FDF24AD}"
	ProjectSection(ProjectDependencies) = postProject
		{DD9AEAE2-BEF9-36FF-856F-9583BDAAD385} = {DD9AEAE2-BEF9-36FF-856F-9583BDAAD385}
		{7D387C50-60B6-3273-9F9C-5AB0F8AEA283} = {7D387C50-60B6-3273-9F9C-5AB0F8AEA283}
	EndProjectSection
EndProject
Project("{8BC9CEB8-8B4A-11D0-8D11-00A0C91BC942}") = "icon", "tests\icon.vcxproj", "{F3754B5A-CBD6-3B2A-9446-CD533617BC57}"
	ProjectSection(ProjectDependencies) = postProject
		{DD9AEAE2-BEF9-36FF-856F-9583BDAAD385} = {DD9AEAE2-BEF9-36FF-856F-9583BDAAD385}
		{7D387C50-60B6-3273-9F9C-5AB0F8AEA283} = {7D387C50-60B6-3273-9F9C-5AB0F8AEA283}
	EndProjectSection
EndProject
Project("{8BC9CEB8-8B4A-11D0-8D11-00A0C91BC942}") = "iconify", "tests\iconify.vcxproj", "{571260AC-F650-39F8-9F82-9FE862C0BC84}"
	ProjectSection(ProjectDependencies) = postProject
		{DD9AEAE2-BEF9-36FF-856F-9583BDAAD385} = {DD9AEAE2-BEF9-36FF-856F-9583BDAAD385}
		{7D387C50-60B6-3273-9F9C-5AB0F8AEA283} = {7D387C50-60B6-3273-9F9C-5AB0F8AEA283}
	EndProjectSection
EndProject
Project("{8BC9CEB8-8B4A-11D0-8D11-00A0C91BC942}") = "inputlag", "tests\inputlag.vcxproj", "{0D89F550-C378-36B7-B01A-734D576A7A78}"
	ProjectSection(ProjectDependencies) = postProject
		{DD9AEAE2-BEF9-36FF-856F-9583BDAAD385} = {DD9AEAE2-BEF9-36FF-856F-9583BDAAD385}
		{7D387C50-60B6-3273-9F9C-5AB0F8AEA283} = {7D387C50-60B6-3273-9F9C-5AB0F8AEA283}
	EndProjectSection
EndProject
Project("{8BC9CEB8-8B4A-11D0-8D11-00A0C91BC942}") = "joysticks", "tests\joysticks.vcxproj", "{6CAD0C69-EE32-382F-9C5D-5678BADF9FE5}"
	ProjectSection(ProjectDependencies) = postProject
		{DD9AEAE2-BEF9-36FF-856F-9583BDAAD385} = {DD9AEAE2-BEF9-36FF-856F-9583BDAAD385}
		{7D387C50-60B6-3273-9F9C-5AB0F8AEA283} = {7D387C50-60B6-3273-9F9C-5AB0F8AEA283}
	EndProjectSection
EndProject
Project("{8BC9CEB8-8B4A-11D0-8D11-00A0C91BC942}") = "monitors", "tests\monitors.vcxproj", "{3E3E4A91-5339-3891-8388-BB9EA08F439A}"
	ProjectSection(ProjectDependencies) = postProject
		{DD9AEAE2-BEF9-36FF-856F-9583BDAAD385} = {DD9AEAE2-BEF9-36FF-856F-9583BDAAD385}
		{7D387C50-60B6-3273-9F9C-5AB0F8AEA283} = {7D387C50-60B6-3273-9F9C-5AB0F8AEA283}
	EndProjectSection
EndProject
Project("{8BC9CEB8-8B4A-11D0-8D11-00A0C91BC942}") = "msaa", "tests\msaa.vcxproj", "{EEA9E73A-50A0-3365-ADCD-1CCDAC52801C}"
	ProjectSection(ProjectDependencies) = postProject
		{DD9AEAE2-BEF9-36FF-856F-9583BDAAD385} = {DD9AEAE2-BEF9-36FF-856F-9583BDAAD385}
		{7D387C50-60B6-3273-9F9C-5AB0F8AEA283} = {7D387C50-60B6-3273-9F9C-5AB0F8AEA283}
	EndProjectSection
EndProject
Project("{8BC9CEB8-8B4A-11D0-8D11-00A0C91BC942}") = "offscreen", "examples\offscreen.vcxproj", "{A4601E6D-3239-328C-B5D2-03306F7F77FE}"
	ProjectSection(ProjectDependencies) = postProject
		{DD9AEAE2-BEF9-36FF-856F-9583BDAAD385} = {DD9AEAE2-BEF9-36FF-856F-9583BDAAD385}
		{7D387C50-60B6-3273-9F9C-5AB0F8AEA283} = {7D387C50-60B6-3273-9F9C-5AB0F8AEA283}
	EndProjectSection
EndProject
Project("{8BC9CEB8-8B4A-11D0-8D11-00A0C91BC942}") = "opacity", "tests\opacity.vcxproj", "{692D3408-6D55-3D17-8EE5-79E56F6BF5EF}"
	ProjectSection(ProjectDependencies) = postProject
		{DD9AEAE2-BEF9-36FF-856F-9583BDAAD385} = {DD9AEAE2-BEF9-36FF-856F-9583BDAAD385}
		{7D387C50-60B6-3273-9F9C-5AB0F8AEA283} = {7D387C50-60B6-3273-9F9C-5AB0F8AEA283}
	EndProjectSection
EndProject
Project("{8BC9CEB8-8B4A-11D0-8D11-00A0C91BC942}") = "particles", "examples\particles.vcxproj", "{5ECEA503-C124-3858-9F11-6119F7DB37AF}"
	ProjectSection(ProjectDependencies) = postProject
		{DD9AEAE2-BEF9-36FF-856F-9583BDAAD385} = {DD9AEAE2-BEF9-36FF-856F-9583BDAAD385}
		{7D387C50-60B6-3273-9F9C-5AB0F8AEA283} = {7D387C50-60B6-3273-9F9C-5AB0F8AEA283}
	EndProjectSection
EndProject
Project("{8BC9CEB8-8B4A-11D0-8D11-00A0C91BC942}") = "reopen", "tests\reopen.vcxproj", "{DD90D13D-B037-3BD5-844B-25103B8E62FB}"
	ProjectSection(ProjectDependencies) = postProject
		{DD9AEAE2-BEF9-36FF-856F-9583BDAAD385} = {DD9AEAE2-BEF9-36FF-856F-9583BDAAD385}
		{7D387C50-60B6-3273-9F9C-5AB0F8AEA283} = {7D387C50-60B6-3273-9F9C-5AB0F8AEA283}
	EndProjectSection
EndProject
Project("{8BC9CEB8-8B4A-11D0-8D11-00A0C91BC942}") = "sharing", "examples\sharing.vcxproj", "{9E470B77-4E4F-332F-8DDA-A054FD6CF479}"
	ProjectSection(ProjectDependencies) = postProject
		{DD9AEAE2-BEF9-36FF-856F-9583BDAAD385} = {DD9AEAE2-BEF9-36FF-856F-9583BDAAD385}
		{7D387C50-60B6-3273-9F9C-5AB0F8AEA283} = {7D387C50-60B6-3273-9F9C-5AB0F8AEA283}
	EndProjectSection
EndProject
Project("{8BC9CEB8-8B4A-11D0-8D11-00A0C91BC942}") = "simple", "examples\simple.vcxproj", "{06027A88-CD55-3CE3-B3FA-A33934F8A9FB}"
	ProjectSection(ProjectDependencies) = postProject
		{DD9AEAE2-BEF9-36FF-856F-9583BDAAD385} = {DD9AEAE2-BEF9-36FF-856F-9583BDAAD385}
		{7D387C50-60B6-3273-9F9C-5AB0F8AEA283} = {7D387C50-60B6-3273-9F9C-5AB0F8AEA283}
	EndProjectSection
EndProject
Project("{8BC9CEB8-8B4A-11D0-8D11-00A0C91BC942}") = "splitview", "examples\splitview.vcxproj", "{0556E1DE-BF84-3B3F-A96A-7F0772E71C32}"
	ProjectSection(ProjectDependencies) = postProject
		{DD9AEAE2-BEF9-36FF-856F-9583BDAAD385} = {DD9AEAE2-BEF9-36FF-856F-9583BDAAD385}
		{7D387C50-60B6-3273-9F9C-5AB0F8AEA283} = {7D387C50-60B6-3273-9F9C-5AB0F8AEA283}
	EndProjectSection
EndProject
Project("{8BC9CEB8-8B4A-11D0-8D11-00A0C91BC942}") = "tearing", "tests\tearing.vcxproj", "{64B5935D-4797-31C0-885D-DCD1C47924FA}"
	ProjectSection(ProjectDependencies) = postProject
		{DD9AEAE2-BEF9-36FF-856F-9583BDAAD385} = {DD9AEAE2-BEF9-36FF-856F-9583BDAAD385}
		{7D387C50-60B6-3273-9F9C-5AB0F8AEA283} = {7D387C50-60B6-3273-9F9C-5AB0F8AEA283}
	EndProjectSection
EndProject
Project("{8BC9CEB8-8B4A-11D0-8D11-00A0C91BC942}") = "threads", "tests\threads.vcxproj", "{3767CF03-686A-3D11-AB43-B8301306C4B3}"
	ProjectSection(ProjectDependencies) = postProject
		{DD9AEAE2-BEF9-36FF-856F-9583BDAAD385} = {DD9AEAE2-BEF9-36FF-856F-9583BDAAD385}
		{7D387C50-60B6-3273-9F9C-5AB0F8AEA283} = {7D387C50-60B6-3273-9F9C-5AB0F8AEA283}
	EndProjectSection
EndProject
Project("{8BC9CEB8-8B4A-11D0-8D11-00A0C91BC942}") = "timeout", "tests\timeout.vcxproj", "{C9F707BD-9B5C-34F1-8773-CBEFCE270C2E}"
	ProjectSection(ProjectDependencies) = postProject
		{DD9AEAE2-BEF9-36FF-856F-9583BDAAD385} = {DD9AEAE2-BEF9-36FF-856F-9583BDAAD385}
		{7D387C50-60B6-3273-9F9C-5AB0F8AEA283} = {7D387C50-60B6-3273-9F9C-5AB0F8AEA283}
	EndProjectSection
EndProject
Project("{8BC9CEB8-8B4A-11D0-8D11-00A0C91BC942}") = "title", "tests\title.vcxproj", "{34A6D41C-DDB2-36B2-BC68-BB16E76CDD02}"
	ProjectSection(ProjectDependencies) = postProject
		{DD9AEAE2-BEF9-36FF-856F-9583BDAAD385} = {DD9AEAE2-BEF9-36FF-856F-9583BDAAD385}
		{7D387C50-60B6-3273-9F9C-5AB0F8AEA283} = {7D387C50-60B6-3273-9F9C-5AB0F8AEA283}
	EndProjectSection
EndProject
Project("{8BC9CEB8-8B4A-11D0-8D11-00A0C91BC942}") = "triangle-vulkan", "tests\triangle-vulkan.vcxproj", "{11E9B89D-21A2-36F9-AEDE-E7A05DDF6D41}"
	ProjectSection(ProjectDependencies) = postProject
		{DD9AEAE2-BEF9-36FF-856F-9583BDAAD385} = {DD9AEAE2-BEF9-36FF-856F-9583BDAAD385}
		{7D387C50-60B6-3273-9F9C-5AB0F8AEA283} = {7D387C50-60B6-3273-9F9C-5AB0F8AEA283}
	EndProjectSection
EndProject
Project("{8BC9CEB8-8B4A-11D0-8D11-00A0C91BC942}") = "uninstall", "uninstall.vcxproj", "{1CFAD860-AD3D-30FE-8B58-7A0CDCC93F01}"
	ProjectSection(ProjectDependencies) = postProject
		{DD9AEAE2-BEF9-36FF-856F-9583BDAAD385} = {DD9AEAE2-BEF9-36FF-856F-9583BDAAD385}
	EndProjectSection
EndProject
Project("{8BC9CEB8-8B4A-11D0-8D11-00A0C91BC942}") = "wave", "examples\wave.vcxproj", "{FAF3C336-038D-36CE-9618-C892301FFAB4}"
	ProjectSection(ProjectDependencies) = postProject
		{DD9AEAE2-BEF9-36FF-856F-9583BDAAD385} = {DD9AEAE2-BEF9-36FF-856F-9583BDAAD385}
		{7D387C50-60B6-3273-9F9C-5AB0F8AEA283} = {7D387C50-60B6-3273-9F9C-5AB0F8AEA283}
	EndProjectSection
EndProject
Project("{8BC9CEB8-8B4A-11D0-8D11-00A0C91BC942}") = "windows", "tests\windows.vcxproj", "{D3F917AE-1A16-30FA-AECD-4CE8A686B62C}"
	ProjectSection(ProjectDependencies) = postProject
		{DD9AEAE2-BEF9-36FF-856F-9583BDAAD385} = {DD9AEAE2-BEF9-36FF-856F-9583BDAAD385}
		{7D387C50-60B6-3273-9F9C-5AB0F8AEA283} = {7D387C50-60B6-3273-9F9C-5AB0F8AEA283}
	EndProjectSection
EndProject
Global
	GlobalSection(SolutionConfigurationPlatforms) = preSolution
		Debug|x64 = Debug|x64
		Release|x64 = Release|x64
		MinSizeRel|x64 = MinSizeRel|x64
		RelWithDebInfo|x64 = RelWithDebInfo|x64
	EndGlobalSection
	GlobalSection(ProjectConfigurationPlatforms) = postSolution
		{11170DA9-9DCA-3DD4-88CC-124711839345}.Debug|x64.ActiveCfg = Debug|x64
		{11170DA9-9DCA-3DD4-88CC-124711839345}.Debug|x64.Build.0 = Debug|x64
		{11170DA9-9DCA-3DD4-88CC-124711839345}.Release|x64.ActiveCfg = Release|x64
		{11170DA9-9DCA-3DD4-88CC-124711839345}.Release|x64.Build.0 = Release|x64
		{11170DA9-9DCA-3DD4-88CC-124711839345}.MinSizeRel|x64.ActiveCfg = MinSizeRel|x64
		{11170DA9-9DCA-3DD4-88CC-124711839345}.MinSizeRel|x64.Build.0 = MinSizeRel|x64
		{11170DA9-9DCA-3DD4-88CC-124711839345}.RelWithDebInfo|x64.ActiveCfg = RelWithDebInfo|x64
		{11170DA9-9DCA-3DD4-88CC-124711839345}.RelWithDebInfo|x64.Build.0 = RelWithDebInfo|x64
		{4DA412CA-8D0B-3C5B-9E6B-BBC578F64D5B}.Debug|x64.ActiveCfg = Debug|x64
		{4DA412CA-8D0B-3C5B-9E6B-BBC578F64D5B}.Release|x64.ActiveCfg = Release|x64
		{4DA412CA-8D0B-3C5B-9E6B-BBC578F64D5B}.MinSizeRel|x64.ActiveCfg = MinSizeRel|x64
		{4DA412CA-8D0B-3C5B-9E6B-BBC578F64D5B}.RelWithDebInfo|x64.ActiveCfg = RelWithDebInfo|x64
		{DD9AEAE2-BEF9-36FF-856F-9583BDAAD385}.Debug|x64.ActiveCfg = Debug|x64
		{DD9AEAE2-BEF9-36FF-856F-9583BDAAD385}.Debug|x64.Build.0 = Debug|x64
		{DD9AEAE2-BEF9-36FF-856F-9583BDAAD385}.Release|x64.ActiveCfg = Release|x64
		{DD9AEAE2-BEF9-36FF-856F-9583BDAAD385}.Release|x64.Build.0 = Release|x64
		{DD9AEAE2-BEF9-36FF-856F-9583BDAAD385}.MinSizeRel|x64.ActiveCfg = MinSizeRel|x64
		{DD9AEAE2-BEF9-36FF-856F-9583BDAAD385}.MinSizeRel|x64.Build.0 = MinSizeRel|x64
		{DD9AEAE2-BEF9-36FF-856F-9583BDAAD385}.RelWithDebInfo|x64.ActiveCfg = RelWithDebInfo|x64
		{DD9AEAE2-BEF9-36FF-856F-9583BDAAD385}.RelWithDebInfo|x64.Build.0 = RelWithDebInfo|x64
		{84FF8BDB-7E46-3A4A-839B-C86B12B4B5A9}.Debug|x64.ActiveCfg = Debug|x64
		{84FF8BDB-7E46-3A4A-839B-C86B12B4B5A9}.Debug|x64.Build.0 = Debug|x64
		{84FF8BDB-7E46-3A4A-839B-C86B12B4B5A9}.Release|x64.ActiveCfg = Release|x64
		{84FF8BDB-7E46-3A4A-839B-C86B12B4B5A9}.Release|x64.Build.0 = Release|x64
		{84FF8BDB-7E46-3A4A-839B-C86B12B4B5A9}.MinSizeRel|x64.ActiveCfg = MinSizeRel|x64
		{84FF8BDB-7E46-3A4A-839B-C86B12B4B5A9}.MinSizeRel|x64.Build.0 = MinSizeRel|x64
		{84FF8BDB-7E46-3A4A-839B-C86B12B4B5A9}.RelWithDebInfo|x64.ActiveCfg = RelWithDebInfo|x64
		{84FF8BDB-7E46-3A4A-839B-C86B12B4B5A9}.RelWithDebInfo|x64.Build.0 = RelWithDebInfo|x64
		{6B6D00E2-26F6-3D4C-A7F5-FFD5AC6B2D1D}.Debug|x64.ActiveCfg = Debug|x64
		{6B6D00E2-26F6-3D4C-A7F5-FFD5AC6B2D1D}.Debug|x64.Build.0 = Debug|x64
		{6B6D00E2-26F6-3D4C-A7F5-FFD5AC6B2D1D}.Release|x64.ActiveCfg = Release|x64
		{6B6D00E2-26F6-3D4C-A7F5-FFD5AC6B2D1D}.Release|x64.Build.0 = Release|x64
		{6B6D00E2-26F6-3D4C-A7F5-FFD5AC6B2D1D}.MinSizeRel|x64.ActiveCfg = MinSizeRel|x64
		{6B6D00E2-26F6-3D4C-A7F5-FFD5AC6B2D1D}.MinSizeRel|x64.Build.0 = MinSizeRel|x64
		{6B6D00E2-26F6-3D4C-A7F5-FFD5AC6B2D1D}.RelWithDebInfo|x64.ActiveCfg = RelWithDebInfo|x64
		{6B6D00E2-26F6-3D4C-A7F5-FFD5AC6B2D1D}.RelWithDebInfo|x64.Build.0 = RelWithDebInfo|x64
		{D97CA686-DD34-30DD-BF9F-3E5B1B7838CC}.Debug|x64.ActiveCfg = Debug|x64
		{D97CA686-DD34-30DD-BF9F-3E5B1B7838CC}.Debug|x64.Build.0 = Debug|x64
		{D97CA686-DD34-30DD-BF9F-3E5B1B7838CC}.Release|x64.ActiveCfg = Release|x64
		{D97CA686-DD34-30DD-BF9F-3E5B1B7838CC}.Release|x64.Build.0 = Release|x64
		{D97CA686-DD34-30DD-BF9F-3E5B1B7838CC}.MinSizeRel|x64.ActiveCfg = MinSizeRel|x64
		{D97CA686-DD34-30DD-BF9F-3E5B1B7838CC}.MinSizeRel|x64.Build.0 = MinSizeRel|x64
		{D97CA686-DD34-30DD-BF9F-3E5B1B7838CC}.RelWithDebInfo|x64.ActiveCfg = RelWithDebInfo|x64
		{D97CA686-DD34-30DD-BF9F-3E5B1B7838CC}.RelWithDebInfo|x64.Build.0 = RelWithDebInfo|x64
		{43D4D1E5-9E59-3258-8B12-301BEF5693CE}.Debug|x64.ActiveCfg = Debug|x64
		{43D4D1E5-9E59-3258-8B12-301BEF5693CE}.Debug|x64.Build.0 = Debug|x64
		{43D4D1E5-9E59-3258-8B12-301BEF5693CE}.Release|x64.ActiveCfg = Release|x64
		{43D4D1E5-9E59-3258-8B12-301BEF5693CE}.Release|x64.Build.0 = Release|x64
		{43D4D1E5-9E59-3258-8B12-301BEF5693CE}.MinSizeRel|x64.ActiveCfg = MinSizeRel|x64
		{43D4D1E5-9E59-3258-8B12-301BEF5693CE}.MinSizeRel|x64.Build.0 = MinSizeRel|x64
		{43D4D1E5-9E59-3258-8B12-301BEF5693CE}.RelWithDebInfo|x64.ActiveCfg = RelWithDebInfo|x64
		{43D4D1E5-9E59-3258-8B12-301BEF5693CE}.RelWithDebInfo|x64.Build.0 = RelWithDebInfo|x64
		{87D4609E-F1FC-33E3-A571-E651AF60C76D}.Debug|x64.ActiveCfg = Debug|x64
		{87D4609E-F1FC-33E3-A571-E651AF60C76D}.Debug|x64.Build.0 = Debug|x64
		{87D4609E-F1FC-33E3-A571-E651AF60C76D}.Release|x64.ActiveCfg = Release|x64
		{87D4609E-F1FC-33E3-A571-E651AF60C76D}.Release|x64.Build.0 = Release|x64
		{87D4609E-F1FC-33E3-A571-E651AF60C76D}.MinSizeRel|x64.ActiveCfg = MinSizeRel|x64
		{87D4609E-F1FC-33E3-A571-E651AF60C76D}.MinSizeRel|x64.Build.0 = MinSizeRel|x64
		{87D4609E-F1FC-33E3-A571-E651AF60C76D}.RelWithDebInfo|x64.ActiveCfg = RelWithDebInfo|x64
		{87D4609E-F1FC-33E3-A571-E651AF60C76D}.RelWithDebInfo|x64.Build.0 = RelWithDebInfo|x64
		{AAB6CF51-5309-3E48-947E-D8E80C8F596E}.Debug|x64.ActiveCfg = Debug|x64
		{AAB6CF51-5309-3E48-947E-D8E80C8F596E}.Debug|x64.Build.0 = Debug|x64
		{AAB6CF51-5309-3E48-947E-D8E80C8F596E}.Release|x64.ActiveCfg = Release|x64
		{AAB6CF51-5309-3E48-947E-D8E80C8F596E}.Release|x64.Build.0 = Release|x64
		{AAB6CF51-5309-3E48-947E-D8E80C8F596E}.MinSizeRel|x64.ActiveCfg = MinSizeRel|x64
		{AAB6CF51-5309-3E48-947E-D8E80C8F596E}.MinSizeRel|x64.Build.0 = MinSizeRel|x64
		{AAB6CF51-5309-3E48-947E-D8E80C8F596E}.RelWithDebInfo|x64.ActiveCfg = RelWithDebInfo|x64
		{AAB6CF51-5309-3E48-947E-D8E80C8F596E}.RelWithDebInfo|x64.Build.0 = RelWithDebInfo|x64
		{B44B4965-0413-36A6-A359-3E65187F80F9}.Debug|x64.ActiveCfg = Debug|x64
		{B44B4965-0413-36A6-A359-3E65187F80F9}.Debug|x64.Build.0 = Debug|x64
		{B44B4965-0413-36A6-A359-3E65187F80F9}.Release|x64.ActiveCfg = Release|x64
		{B44B4965-0413-36A6-A359-3E65187F80F9}.Release|x64.Build.0 = Release|x64
		{B44B4965-0413-36A6-A359-3E65187F80F9}.MinSizeRel|x64.ActiveCfg = MinSizeRel|x64
		{B44B4965-0413-36A6-A359-3E65187F80F9}.MinSizeRel|x64.Build.0 = MinSizeRel|x64
		{B44B4965-0413-36A6-A359-3E65187F80F9}.RelWithDebInfo|x64.ActiveCfg = RelWithDebInfo|x64
		{B44B4965-0413-36A6-A359-3E65187F80F9}.RelWithDebInfo|x64.Build.0 = RelWithDebInfo|x64
		{7D387C50-60B6-3273-9F9C-5AB0F8AEA283}.Debug|x64.ActiveCfg = Debug|x64
		{7D387C50-60B6-3273-9F9C-5AB0F8AEA283}.Debug|x64.Build.0 = Debug|x64
		{7D387C50-60B6-3273-9F9C-5AB0F8AEA283}.Release|x64.ActiveCfg = Release|x64
		{7D387C50-60B6-3273-9F9C-5AB0F8AEA283}.Release|x64.Build.0 = Release|x64
		{7D387C50-60B6-3273-9F9C-5AB0F8AEA283}.MinSizeRel|x64.ActiveCfg = MinSizeRel|x64
		{7D387C50-60B6-3273-9F9C-5AB0F8AEA283}.MinSizeRel|x64.Build.0 = MinSizeRel|x64
		{7D387C50-60B6-3273-9F9C-5AB0F8AEA283}.RelWithDebInfo|x64.ActiveCfg = RelWithDebInfo|x64
		{7D387C50-60B6-3273-9F9C-5AB0F8AEA283}.RelWithDebInfo|x64.Build.0 = RelWithDebInfo|x64
		{0760801C-5C55-3C14-A1C9-AD089D2423D6}.Debug|x64.ActiveCfg = Debug|x64
		{0760801C-5C55-3C14-A1C9-AD089D2423D6}.Debug|x64.Build.0 = Debug|x64
		{0760801C-5C55-3C14-A1C9-AD089D2423D6}.Release|x64.ActiveCfg = Release|x64
		{0760801C-5C55-3C14-A1C9-AD089D2423D6}.Release|x64.Build.0 = Release|x64
		{0760801C-5C55-3C14-A1C9-AD089D2423D6}.MinSizeRel|x64.ActiveCfg = MinSizeRel|x64
		{0760801C-5C55-3C14-A1C9-AD089D2423D6}.MinSizeRel|x64.Build.0 = MinSizeRel|x64
		{0760801C-5C55-3C14-A1C9-AD089D2423D6}.RelWithDebInfo|x64.ActiveCfg = RelWithDebInfo|x64
		{0760801C-5C55-3C14-A1C9-AD089D2423D6}.RelWithDebInfo|x64.Build.0 = RelWithDebInfo|x64
		{8428631E-CCC9-3DAB-8D92-023D6FDF24AD}.Debug|x64.ActiveCfg = Debug|x64
		{8428631E-CCC9-3DAB-8D92-023D6FDF24AD}.Debug|x64.Build.0 = Debug|x64
		{8428631E-CCC9-3DAB-8D92-023D6FDF24AD}.Release|x64.ActiveCfg = Release|x64
		{8428631E-CCC9-3DAB-8D92-023D6FDF24AD}.Release|x64.Build.0 = Release|x64
		{8428631E-CCC9-3DAB-8D92-023D6FDF24AD}.MinSizeRel|x64.ActiveCfg = MinSizeRel|x64
		{8428631E-CCC9-3DAB-8D92-023D6FDF24AD}.MinSizeRel|x64.Build.0 = MinSizeRel|x64
		{8428631E-CCC9-3DAB-8D92-023D6FDF24AD}.RelWithDebInfo|x64.ActiveCfg = RelWithDebInfo|x64
		{8428631E-CCC9-3DAB-8D92-023D6FDF24AD}.RelWithDebInfo|x64.Build.0 = RelWithDebInfo|x64
		{F3754B5A-CBD6-3B2A-9446-CD533617BC57}.Debug|x64.ActiveCfg = Debug|x64
		{F3754B5A-CBD6-3B2A-9446-CD533617BC57}.Debug|x64.Build.0 = Debug|x64
		{F3754B5A-CBD6-3B2A-9446-CD533617BC57}.Release|x64.ActiveCfg = Release|x64
		{F3754B5A-CBD6-3B2A-9446-CD533617BC57}.Release|x64.Build.0 = Release|x64
		{F3754B5A-CBD6-3B2A-9446-CD533617BC57}.MinSizeRel|x64.ActiveCfg = MinSizeRel|x64
		{F3754B5A-CBD6-3B2A-9446-CD533617BC57}.MinSizeRel|x64.Build.0 = MinSizeRel|x64
		{F3754B5A-CBD6-3B2A-9446-CD533617BC57}.RelWithDebInfo|x64.ActiveCfg = RelWithDebInfo|x64
		{F3754B5A-CBD6-3B2A-9446-CD533617BC57}.RelWithDebInfo|x64.Build.0 = RelWithDebInfo|x64
		{571260AC-F650-39F8-9F82-9FE862C0BC84}.Debug|x64.ActiveCfg = Debug|x64
		{571260AC-F650-39F8-9F82-9FE862C0BC84}.Debug|x64.Build.0 = Debug|x64
		{571260AC-F650-39F8-9F82-9FE862C0BC84}.Release|x64.ActiveCfg = Release|x64
		{571260AC-F650-39F8-9F82-9FE862C0BC84}.Release|x64.Build.0 = Release|x64
		{571260AC-F650-39F8-9F82-9FE862C0BC84}.MinSizeRel|x64.ActiveCfg = MinSizeRel|x64
		{571260AC-F650-39F8-9F82-9FE862C0BC84}.MinSizeRel|x64.Build.0 = MinSizeRel|x64
		{571260AC-F650-39F8-9F82-9FE862C0BC84}.RelWithDebInfo|x64.ActiveCfg = RelWithDebInfo|x64
		{571260AC-F650-39F8-9F82-9FE862C0BC84}.RelWithDebInfo|x64.Build.0 = RelWithDebInfo|x64
		{0D89F550-C378-36B7-B01A-734D576A7A78}.Debug|x64.ActiveCfg = Debug|x64
		{0D89F550-C378-36B7-B01A-734D576A7A78}.Debug|x64.Build.0 = Debug|x64
		{0D89F550-C378-36B7-B01A-734D576A7A78}.Release|x64.ActiveCfg = Release|x64
		{0D89F550-C378-36B7-B01A-734D576A7A78}.Release|x64.Build.0 = Release|x64
		{0D89F550-C378-36B7-B01A-734D576A7A78}.MinSizeRel|x64.ActiveCfg = MinSizeRel|x64
		{0D89F550-C378-36B7-B01A-734D576A7A78}.MinSizeRel|x64.Build.0 = MinSizeRel|x64
		{0D89F550-C378-36B7-B01A-734D576A7A78}.RelWithDebInfo|x64.ActiveCfg = RelWithDebInfo|x64
		{0D89F550-C378-36B7-B01A-734D576A7A78}.RelWithDebInfo|x64.Build.0 = RelWithDebInfo|x64
		{6CAD0C69-EE32-382F-9C5D-5678BADF9FE5}.Debug|x64.ActiveCfg = Debug|x64
		{6CAD0C69-EE32-382F-9C5D-5678BADF9FE5}.Debug|x64.Build.0 = Debug|x64
		{6CAD0C69-EE32-382F-9C5D-5678BADF9FE5}.Release|x64.ActiveCfg = Release|x64
		{6CAD0C69-EE32-382F-9C5D-5678BADF9FE5}.Release|x64.Build.0 = Release|x64
		{6CAD0C69-EE32-382F-9C5D-5678BADF9FE5}.MinSizeRel|x64.ActiveCfg = MinSizeRel|x64
		{6CAD0C69-EE32-382F-9C5D-5678BADF9FE5}.MinSizeRel|x64.Build.0 = MinSizeRel|x64
		{6CAD0C69-EE32-382F-9C5D-5678BADF9FE5}.RelWithDebInfo|x64.ActiveCfg = RelWithDebInfo|x64
		{6CAD0C69-EE32-382F-9C5D-5678BADF9FE5}.RelWithDebInfo|x64.Build.0 = RelWithDebInfo|x64
		{3E3E4A91-5339-3891-8388-BB9EA08F439A}.Debug|x64.ActiveCfg = Debug|x64
		{3E3E4A91-5339-3891-8388-BB9EA08F439A}.Debug|x64.Build.0 = Debug|x64
		{3E3E4A91-5339-3891-8388-BB9EA08F439A}.Release|x64.ActiveCfg = Release|x64
		{3E3E4A91-5339-3891-8388-BB9EA08F439A}.Release|x64.Build.0 = Release|x64
		{3E3E4A91-5339-3891-8388-BB9EA08F439A}.MinSizeRel|x64.ActiveCfg = MinSizeRel|x64
		{3E3E4A91-5339-3891-8388-BB9EA08F439A}.MinSizeRel|x64.Build.0 = MinSizeRel|x64
		{3E3E4A91-5339-3891-8388-BB9EA08F439A}.RelWithDebInfo|x64.ActiveCfg = RelWithDebInfo|x64
		{3E3E4A91-5339-3891-8388-BB9EA08F439A}.RelWithDebInfo|x64.Build.0 = RelWithDebInfo|x64
		{EEA9E73A-50A0-3365-ADCD-1CCDAC52801C}.Debug|x64.ActiveCfg = Debug|x64
		{EEA9E73A-50A0-3365-ADCD-1CCDAC52801C}.Debug|x64.Build.0 = Debug|x64
		{EEA9E73A-50A0-3365-ADCD-1CCDAC52801C}.Release|x64.ActiveCfg = Release|x64
		{EEA9E73A-50A0-3365-ADCD-1CCDAC52801C}.Release|x64.Build.0 = Release|x64
		{EEA9E73A-50A0-3365-ADCD-1CCDAC52801C}.MinSizeRel|x64.ActiveCfg = MinSizeRel|x64
		{EEA9E73A-50A0-3365-ADCD-1CCDAC52801C}.MinSizeRel|x64.Build.0 = MinSizeRel|x64
		{EEA9E73A-50A0-3365-ADCD-1CCDAC52801C}.RelWithDebInfo|x64.ActiveCfg = RelWithDebInfo|x64
		{EEA9E73A-50A0-3365-ADCD-1CCDAC52801C}.RelWithDebInfo|x64.Build.0 = RelWithDebInfo|x64
		{A4601E6D-3239-328C-B5D2-03306F7F77FE}.Debug|x64.ActiveCfg = Debug|x64
		{A4601E6D-3239-328C-B5D2-03306F7F77FE}.Debug|x64.Build.0 = Debug|x64
		{A4601E6D-3239-328C-B5D2-03306F7F77FE}.Release|x64.ActiveCfg = Release|x64
		{A4601E6D-3239-328C-B5D2-03306F7F77FE}.Release|x64.Build.0 = Release|x64
		{A4601E6D-3239-328C-B5D2-03306F7F77FE}.MinSizeRel|x64.ActiveCfg = MinSizeRel|x64
		{A4601E6D-3239-328C-B5D2-03306F7F77FE}.MinSizeRel|x64.Build.0 = MinSizeRel|x64
		{A4601E6D-3239-328C-B5D2-03306F7F77FE}.RelWithDebInfo|x64.ActiveCfg = RelWithDebInfo|x64
		{A4601E6D-3239-328C-B5D2-03306F7F77FE}.RelWithDebInfo|x64.Build.0 = RelWithDebInfo|x64
		{692D3408-6D55-3D17-8EE5-79E56F6BF5EF}.Debug|x64.ActiveCfg = Debug|x64
		{692D3408-6D55-3D17-8EE5-79E56F6BF5EF}.Debug|x64.Build.0 = Debug|x64
		{692D3408-6D55-3D17-8EE5-79E56F6BF5EF}.Release|x64.ActiveCfg = Release|x64
		{692D3408-6D55-3D17-8EE5-79E56F6BF5EF}.Release|x64.Build.0 = Release|x64
		{692D3408-6D55-3D17-8EE5-79E56F6BF5EF}.MinSizeRel|x64.ActiveCfg = MinSizeRel|x64
		{692D3408-6D55-3D17-8EE5-79E56F6BF5EF}.MinSizeRel|x64.Build.0 = MinSizeRel|x64
		{692D3408-6D55-3D17-8EE5-79E56F6BF5EF}.RelWithDebInfo|x64.ActiveCfg = RelWithDebInfo|x64
		{692D3408-6D55-3D17-8EE5-79E56F6BF5EF}.RelWithDebInfo|x64.Build.0 = RelWithDebInfo|x64
		{5ECEA503-C124-3858-9F11-6119F7DB37AF}.Debug|x64.ActiveCfg = Debug|x64
		{5ECEA503-C124-3858-9F11-6119F7DB37AF}.Debug|x64.Build.0 = Debug|x64
		{5ECEA503-C124-3858-9F11-6119F7DB37AF}.Release|x64.ActiveCfg = Release|x64
		{5ECEA503-C124-3858-9F11-6119F7DB37AF}.Release|x64.Build.0 = Release|x64
		{5ECEA503-C124-3858-9F11-6119F7DB37AF}.MinSizeRel|x64.ActiveCfg = MinSizeRel|x64
		{5ECEA503-C124-3858-9F11-6119F7DB37AF}.MinSizeRel|x64.Build.0 = MinSizeRel|x64
		{5ECEA503-C124-3858-9F11-6119F7DB37AF}.RelWithDebInfo|x64.ActiveCfg = RelWithDebInfo|x64
		{5ECEA503-C124-3858-9F11-6119F7DB37AF}.RelWithDebInfo|x64.Build.0 = RelWithDebInfo|x64
		{DD90D13D-B037-3BD5-844B-25103B8E62FB}.Debug|x64.ActiveCfg = Debug|x64
		{DD90D13D-B037-3BD5-844B-25103B8E62FB}.Debug|x64.Build.0 = Debug|x64
		{DD90D13D-B037-3BD5-844B-25103B8E62FB}.Release|x64.ActiveCfg = Release|x64
		{DD90D13D-B037-3BD5-844B-25103B8E62FB}.Release|x64.Build.0 = Release|x64
		{DD90D13D-B037-3BD5-844B-25103B8E62FB}.MinSizeRel|x64.ActiveCfg = MinSizeRel|x64
		{DD90D13D-B037-3BD5-844B-25103B8E62FB}.MinSizeRel|x64.Build.0 = MinSizeRel|x64
		{DD90D13D-B037-3BD5-844B-25103B8E62FB}.RelWithDebInfo|x64.ActiveCfg = RelWithDebInfo|x64
		{DD90D13D-B037-3BD5-844B-25103B8E62FB}.RelWithDebInfo|x64.Build.0 = RelWithDebInfo|x64
		{9E470B77-4E4F-332F-8DDA-A054FD6CF479}.Debug|x64.ActiveCfg = Debug|x64
		{9E470B77-4E4F-332F-8DDA-A054FD6CF479}.Debug|x64.Build.0 = Debug|x64
		{9E470B77-4E4F-332F-8DDA-A054FD6CF479}.Release|x64.ActiveCfg = Release|x64
		{9E470B77-4E4F-332F-8DDA-A054FD6CF479}.Release|x64.Build.0 = Release|x64
		{9E470B77-4E4F-332F-8DDA-A054FD6CF479}.MinSizeRel|x64.ActiveCfg = MinSizeRel|x64
		{9E470B77-4E4F-332F-8DDA-A054FD6CF479}.MinSizeRel|x64.Build.0 = MinSizeRel|x64
		{9E470B77-4E4F-332F-8DDA-A054FD6CF479}.RelWithDebInfo|x64.ActiveCfg = RelWithDebInfo|x64
		{9E470B77-4E4F-332F-8DDA-A054FD6CF479}.RelWithDebInfo|x64.Build.0 = RelWithDebInfo|x64
		{06027A88-CD55-3CE3-B3FA-A33934F8A9FB}.Debug|x64.ActiveCfg = Debug|x64
		{06027A88-CD55-3CE3-B3FA-A33934F8A9FB}.Debug|x64.Build.0 = Debug|x64
		{06027A88-CD55-3CE3-B3FA-A33934F8A9FB}.Release|x64.ActiveCfg = Release|x64
		{06027A88-CD55-3CE3-B3FA-A33934F8A9FB}.Release|x64.Build.0 = Release|x64
		{06027A88-CD55-3CE3-B3FA-A33934F8A9FB}.MinSizeRel|x64.ActiveCfg = MinSizeRel|x64
		{06027A88-CD55-3CE3-B3FA-A33934F8A9FB}.MinSizeRel|x64.Build.0 = MinSizeRel|x64
		{06027A88-CD55-3CE3-B3FA-A33934F8A9FB}.RelWithDebInfo|x64.ActiveCfg = RelWithDebInfo|x64
		{06027A88-CD55-3CE3-B3FA-A33934F8A9FB}.RelWithDebInfo|x64.Build.0 = RelWithDebInfo|x64
		{0556E1DE-BF84-3B3F-A96A-7F0772E71C32}.Debug|x64.ActiveCfg = Debug|x64
		{0556E1DE-BF84-3B3F-A96A-7F0772E71C32}.Debug|x64.Build.0 = Debug|x64
		{0556E1DE-BF84-3B3F-A96A-7F0772E71C32}.Release|x64.ActiveCfg = Release|x64
		{0556E1DE-BF84-3B3F-A96A-7F0772E71C32}.Release|x64.Build.0 = Release|x64
		{0556E1DE-BF84-3B3F-A96A-7F0772E71C32}.MinSizeRel|x64.ActiveCfg = MinSizeRel|x64
		{0556E1DE-BF84-3B3F-A96A-7F0772E71C32}.MinSizeRel|x64.Build.0 = MinSizeRel|x64
		{0556E1DE-BF84-3B3F-A96A-7F0772E71C32}.RelWithDebInfo|x64.ActiveCfg = RelWithDebInfo|x64
		{0556E1DE-BF84-3B3F-A96A-7F0772E71C32}.RelWithDebInfo|x64.Build.0 = RelWithDebInfo|x64
		{64B5935D-4797-31C0-885D-DCD1C47924FA}.Debug|x64.ActiveCfg = Debug|x64
		{64B5935D-4797-31C0-885D-DCD1C47924FA}.Debug|x64.Build.0 = Debug|x64
		{64B5935D-4797-31C0-885D-DCD1C47924FA}.Release|x64.ActiveCfg = Release|x64
		{64B5935D-4797-31C0-885D-DCD1C47924FA}.Release|x64.Build.0 = Release|x64
		{64B5935D-4797-31C0-885D-DCD1C47924FA}.MinSizeRel|x64.ActiveCfg = MinSizeRel|x64
		{64B5935D-4797-31C0-885D-DCD1C47924FA}.MinSizeRel|x64.Build.0 = MinSizeRel|x64
		{64B5935D-4797-31C0-885D-DCD1C47924FA}.RelWithDebInfo|x64.ActiveCfg = RelWithDebInfo|x64
		{64B5935D-4797-31C0-885D-DCD1C47924FA}.RelWithDebInfo|x64.Build.0 = RelWithDebInfo|x64
		{3767CF03-686A-3D11-AB43-B8301306C4B3}.Debug|x64.ActiveCfg = Debug|x64
		{3767CF03-686A-3D11-AB43-B8301306C4B3}.Debug|x64.Build.0 = Debug|x64
		{3767CF03-686A-3D11-AB43-B8301306C4B3}.Release|x64.ActiveCfg = Release|x64
		{3767CF03-686A-3D11-AB43-B8301306C4B3}.Release|x64.Build.0 = Release|x64
		{3767CF03-686A-3D11-AB43-B8301306C4B3}.MinSizeRel|x64.ActiveCfg = MinSizeRel|x64
		{3767CF03-686A-3D11-AB43-B8301306C4B3}.MinSizeRel|x64.Build.0 = MinSizeRel|x64
		{3767CF03-686A-3D11-AB43-B8301306C4B3}.RelWithDebInfo|x64.ActiveCfg = RelWithDebInfo|x64
		{3767CF03-686A-3D11-AB43-B8301306C4B3}.RelWithDebInfo|x64.Build.0 = RelWithDebInfo|x64
		{C9F707BD-9B5C-34F1-8773-CBEFCE270C2E}.Debug|x64.ActiveCfg = Debug|x64
		{C9F707BD-9B5C-34F1-8773-CBEFCE270C2E}.Debug|x64.Build.0 = Debug|x64
		{C9F707BD-9B5C-34F1-8773-CBEFCE270C2E}.Release|x64.ActiveCfg = Release|x64
		{C9F707BD-9B5C-34F1-8773-CBEFCE270C2E}.Release|x64.Build.0 = Release|x64
		{C9F707BD-9B5C-34F1-8773-CBEFCE270C2E}.MinSizeRel|x64.ActiveCfg = MinSizeRel|x64
		{C9F707BD-9B5C-34F1-8773-CBEFCE270C2E}.MinSizeRel|x64.Build.0 = MinSizeRel|x64
		{C9F707BD-9B5C-34F1-8773-CBEFCE270C2E}.RelWithDebInfo|x64.ActiveCfg = RelWithDebInfo|x64
		{C9F707BD-9B5C-34F1-8773-CBEFCE270C2E}.RelWithDebInfo|x64.Build.0 = RelWithDebInfo|x64
		{34A6D41C-DDB2-36B2-BC68-BB16E76CDD02}.Debug|x64.ActiveCfg = Debug|x64
		{34A6D41C-DDB2-36B2-BC68-BB16E76CDD02}.Debug|x64.Build.0 = Debug|x64
		{34A6D41C-DDB2-36B2-BC68-BB16E76CDD02}.Release|x64.ActiveCfg = Release|x64
		{34A6D41C-DDB2-36B2-BC68-BB16E76CDD02}.Release|x64.Build.0 = Release|x64
		{34A6D41C-DDB2-36B2-BC68-BB16E76CDD02}.MinSizeRel|x64.ActiveCfg = MinSizeRel|x64
		{34A6D41C-DDB2-36B2-BC68-BB16E76CDD02}.MinSizeRel|x64.Build.0 = MinSizeRel|x64
		{34A6D41C-DDB2-36B2-BC68-BB16E76CDD02}.RelWithDebInfo|x64.ActiveCfg = RelWithDebInfo|x64
		{34A6D41C-DDB2-36B2-BC68-BB16E76CDD02}.RelWithDebInfo|x64.Build.0 = RelWithDebInfo|x64
		{11E9B89D-21A2-36F9-AEDE-E7A05DDF6D41}.Debug|x64.ActiveCfg = Debug|x64
		{11E9B89D-21A2-36F9-AEDE-E7A05DDF6D41}.Debug|x64.Build.0 = Debug|x64
		{11E9B89D-21A2-36F9-AEDE-E7A05DDF6D41}.Release|x64.ActiveCfg = Release|x64
		{11E9B89D-21A2-36F9-AEDE-E7A05DDF6D41}.Release|x64.Build.0 = Release|x64
		{11E9B89D-21A2-36F9-AEDE-E7A05DDF6D41}.MinSizeRel|x64.ActiveCfg = MinSizeRel|x64
		{11E9B89D-21A2-36F9-AEDE-E7A05DDF6D41}.MinSizeRel|x64.Build.0 = MinSizeRel|x64
		{11E9B89D-21A2-36F9-AEDE-E7A05DDF6D41}.RelWithDebInfo|x64.ActiveCfg = RelWithDebInfo|x64
		{11E9B89D-21A2-36F9-AEDE-E7A05DDF6D41}.RelWithDebInfo|x64.Build.0 = RelWithDebInfo|x64
		{1CFAD860-AD3D-30FE-8B58-7A0CDCC93F01}.Debug|x64.ActiveCfg = Debug|x64
		{1CFAD860-AD3D-30FE-8B58-7A0CDCC93F01}.Release|x64.ActiveCfg = Release|x64
		{1CFAD860-AD3D-30FE-8B58-7A0CDCC93F01}.MinSizeRel|x64.ActiveCfg = MinSizeRel|x64
		{1CFAD860-AD3D-30FE-8B58-7A0CDCC93F01}.RelWithDebInfo|x64.ActiveCfg = RelWithDebInfo|x64
		{FAF3C336-038D-36CE-9618-C892301FFAB4}.Debug|x64.ActiveCfg = Debug|x64
		{FAF3C336-038D-36CE-9618-C892301FFAB4}.Debug|x64.Build.0 = Debug|x64
		{FAF3C336-038D-36CE-9618-C892301FFAB4}.Release|x64.ActiveCfg = Release|x64
		{FAF3C336-038D-36CE-9618-C892301FFAB4}.Release|x64.Build.0 = Release|x64
		{FAF3C336-038D-36CE-9618-C892301FFAB4}.MinSizeRel|x64.ActiveCfg = MinSizeRel|x64
		{FAF3C336-038D-36CE-9618-C892301FFAB4}.MinSizeRel|x64.Build.0 = MinSizeRel|x64
		{FAF3C336-038D-36CE-9618-C892301FFAB4}.RelWithDebInfo|x64.ActiveCfg = RelWithDebInfo|x64
		{FAF3C336-038D-36CE-9618-C892301FFAB4}.RelWithDebInfo|x64.Build.0 = RelWithDebInfo|x64
		{D3F917AE-1A16-30FA-AECD-4CE8A686B62C}.Debug|x64.ActiveCfg = Debug|x64
		{D3F917AE-1A16-30FA-AECD-4CE8A686B62C}.Debug|x64.Build.0 = Debug|x64
		{D3F917AE-1A16-30FA-AECD-4CE8A686B62C}.Release|x64.ActiveCfg = Release|x64
		{D3F917AE-1A16-30FA-AECD-4CE8A686B62C}.Release|x64.Build.0 = Release|x64
		{D3F917AE-1A16-30FA-AECD-4CE8A686B62C}.MinSizeRel|x64.ActiveCfg = MinSizeRel|x64
		{D3F917AE-1A16-30FA-AECD-4CE8A686B62C}.MinSizeRel|x64.Build.0 = MinSizeRel|x64
		{D3F917AE-1A16-30FA-AECD-4CE8A686B62C}.RelWithDebInfo|x64.ActiveCfg = RelWithDebInfo|x64
		{D3F917AE-1A16-30FA-AECD-4CE8A686B62C}.RelWithDebInfo|x64.Build.0 = RelWithDebInfo|x64
	EndGlobalSection
	GlobalSection(NestedProjects) = preSolution
		{11170DA9-9DCA-3DD4-88CC-124711839345} = {D47218F6-703E-3A8D-B559-7E1EF443C61C}
		{4DA412CA-8D0B-3C5B-9E6B-BBC578F64D5B} = {D47218F6-703E-3A8D-B559-7E1EF443C61C}
		{DD9AEAE2-BEF9-36FF-856F-9583BDAAD385} = {D47218F6-703E-3A8D-B559-7E1EF443C61C}
		{65E90525-4275-36A4-AA1F-DB84C6911F6F} = {ADDC7D8C-89DC-38D1-86D9-480936945710}
		{FD10FD2B-6EA9-3643-890C-298AD48B5D94} = {ADDC7D8C-89DC-38D1-86D9-480936945710}
		{7D387C50-60B6-3273-9F9C-5AB0F8AEA283} = {ADDC7D8C-89DC-38D1-86D9-480936945710}
		{1CFAD860-AD3D-30FE-8B58-7A0CDCC93F01} = {ADDC7D8C-89DC-38D1-86D9-480936945710}
		{84FF8BDB-7E46-3A4A-839B-C86B12B4B5A9} = {65E90525-4275-36A4-AA1F-DB84C6911F6F}
		{B44B4965-0413-36A6-A359-3E65187F80F9} = {65E90525-4275-36A4-AA1F-DB84C6911F6F}
		{8428631E-CCC9-3DAB-8D92-023D6FDF24AD} = {65E90525-4275-36A4-AA1F-DB84C6911F6F}
		{A4601E6D-3239-328C-B5D2-03306F7F77FE} = {65E90525-4275-36A4-AA1F-DB84C6911F6F}
		{5ECEA503-C124-3858-9F11-6119F7DB37AF} = {65E90525-4275-36A4-AA1F-DB84C6911F6F}
		{9E470B77-4E4F-332F-8DDA-A054FD6CF479} = {65E90525-4275-36A4-AA1F-DB84C6911F6F}
		{06027A88-CD55-3CE3-B3FA-A33934F8A9FB} = {65E90525-4275-36A4-AA1F-DB84C6911F6F}
		{0556E1DE-BF84-3B3F-A96A-7F0772E71C32} = {65E90525-4275-36A4-AA1F-DB84C6911F6F}
		{FAF3C336-038D-36CE-9618-C892301FFAB4} = {65E90525-4275-36A4-AA1F-DB84C6911F6F}
		{6B6D00E2-26F6-3D4C-A7F5-FFD5AC6B2D1D} = {FD10FD2B-6EA9-3643-890C-298AD48B5D94}
		{D97CA686-DD34-30DD-BF9F-3E5B1B7838CC} = {FD10FD2B-6EA9-3643-890C-298AD48B5D94}
		{43D4D1E5-9E59-3258-8B12-301BEF5693CE} = {FD10FD2B-6EA9-3643-890C-298AD48B5D94}
		{87D4609E-F1FC-33E3-A571-E651AF60C76D} = {FD10FD2B-6EA9-3643-890C-298AD48B5D94}
		{AAB6CF51-5309-3E48-947E-D8E80C8F596E} = {FD10FD2B-6EA9-3643-890C-298AD48B5D94}
		{0760801C-5C55-3C14-A1C9-AD089D2423D6} = {FD10FD2B-6EA9-3643-890C-298AD48B5D94}
		{F3754B5A-CBD6-3B2A-9446-CD533617BC57} = {FD10FD2B-6EA9-3643-890C-298AD48B5D94}
		{571260AC-F650-39F8-9F82-9FE862C0BC84} = {FD10FD2B-6EA9-3643-890C-298AD48B5D94}
		{0D89F550-C378-36B7-B01A-734D576A7A78} = {FD10FD2B-6EA9-3643-890C-298AD48B5D94}
		{6CAD0C69-EE32-382F-9C5D-5678BADF9FE5} = {FD10FD2B-6EA9-3643-890C-298AD48B5D94}
		{3E3E4A91-5339-3891-8388-BB9EA08F439A} = {FD10FD2B-6EA9-3643-890C-298AD48B5D94}
		{EEA9E73A-50A0-3365-ADCD-1CCDAC52801C} = {FD10FD2B-6EA9-3643-890C-298AD48B5D94}
		{692D3408-6D55-3D17-8EE5-79E56F6BF5EF} = {FD10FD2B-6EA9-3643-890C-298AD48B5D94}
		{DD90D13D-B037-3BD5-844B-25103B8E62FB} = {FD10FD2B-6EA9-3643-890C-298AD48B5D94}
		{64B5935D-4797-31C0-885D-DCD1C47924FA} = {FD10FD2B-6EA9-3643-890C-298AD48B5D94}
		{3767CF03-686A-3D11-AB43-B8301306C4B3} = {FD10FD2B-6EA9-3643-890C-298AD48B5D94}
		{C9F707BD-9B5C-34F1-8773-CBEFCE270C2E} = {FD10FD2B-6EA9-3643-890C-298AD48B5D94}
		{34A6D41C-DDB2-36B2-BC68-BB16E76CDD02} = {FD10FD2B-6EA9-3643-890C-298AD48B5D94}
		{11E9B89D-21A2-36F9-AEDE-E7A05DDF6D41} = {FD10FD2B-6EA9-3643-890C-298AD48B5D94}
		{D3F917AE-1A16-30FA-AECD-4CE8A686B62C} = {FD10FD2B-6EA9-3643-890C-298AD48B5D94}
	EndGlobalSection
	GlobalSection(ExtensibilityGlobals) = postSolution
		SolutionGuid = {541AD6C9-17AB-322E-8291-BB499F341B0B}
	EndGlobalSection
	GlobalSection(ExtensibilityAddIns) = postSolution
	EndGlobalSection
EndGlobal
