<?xml version="1.0" encoding="utf-8"?>
<Project ToolsVersion="16.0" xmlns="http://schemas.microsoft.com/developer/msbuild/2003">
  <ItemGroup>
    <CustomBuild Include="D:\Изучение OpenGL\glfw-3.3.2\bild\CMakeFiles\a114e4c931115ccedd0dd2fcabd75340\INSTALL_force.rule">
      <Filter>CMake Rules</Filter>
    </CustomBuild>
  </ItemGroup>
  <ItemGroup>
    <Filter Include="CMake Rules">
      <UniqueIdentifier>{F93C0156-1760-383F-A356-E08FACFABC8D}</UniqueIdentifier>
    </Filter>
  </ItemGroup>
</Project>
